{
    "_meta": {
        "hash": {
            "sha256": "af92aa3f43896c117238ad186c0b9b62964ef4104eaaa19bce7646dba5382431"
        },
        "pipfile-spec": 6,
        "requires": {
            "python_version": "3.5"
        },
        "sources": [
            {
                "name": "pypi",
                "url": "https://pypi.org/simple",
                "verify_ssl": true
            }
        ]
    },
    "default": {
        "utm": {
            "hashes": [
                "sha256:a6608a67df84418fd959a79b228b90ab55b2ae877827f9c210947104c5a75d0e"
            ],
            "index": "pypi",
            "version": "==0.4.2"
        }
    },
    "develop": {}
}
